{
   "name": "aws-lambda-wkhtmltopdf",
   "version": "0.1.0",
   "lockfileVersion": 1,
   "requires": true,
   "dependencies": {
      "memorystream": {
         "version": "0.3.1",
         "resolved": "https://registry.npmjs.org/memorystream/-/memorystream-0.3.1.tgz",
         "integrity": "sha1-htcJCzDORV1j+64S3aUaR93K+bI="
      },
      "slang": {
         "version": "0.3.0",
         "resolved": "https://registry.npmjs.org/slang/-/slang-0.3.0.tgz",
         "integrity": "sha1-E691tPDAGMaoGT1wT2WyO+T7q9w="
      },
      "wkhtmltopdf": {
         "version": "0.1.6",
         "resolved": "https://registry.npmjs.org/wkhtmltopdf/-/wkhtmltopdf-0.1.6.tgz",
         "integrity": "sha1-6duE6xDU7lCkD0w6f1jKPV02XsQ=",
         "requires": {
            "slang": "0.3.0"
         }
      }
   }
}
